
Microsoft Visual Studio Solution File, Format Version 12.00
# Visual Studio 15
Project("{FAE04EC0-301F-11D3-BF4B-00C04F79EFBC}") = "Assembly-CSharp", "Assembly-CSharp.csproj", "{5B77F0A5-3583-83AE-9436-2BD72D86BBE3}"
EndProject
Project("{FAE04EC0-301F-11D3-BF4B-00C04F79EFBC}") = "Assembly-CSharp-Editor", "Assembly-CSharp-Editor.csproj", "{6B01D1E9-8D12-B669-2A02-49D0FC9C7349}"
EndProject
Global
	GlobalSection(SolutionConfigurationPlatforms) = preSolution
		Debug|Any CPU = Debug|Any CPU
		Release|Any CPU = Release|Any CPU
	EndGlobalSection
	GlobalSection(ProjectConfigurationPlatforms) = postSolution
		{5B77F0A5-3583-83AE-9436-2BD72D86BBE3}.Debug|Any CPU.ActiveCfg = Debug|Any CPU
		{5B77F0A5-3583-83AE-9436-2BD72D86BBE3}.Debug|Any CPU.Build.0 = Debug|Any CPU
		{5B77F0A5-3583-83AE-9436-2BD72D86BBE3}.Release|Any CPU.ActiveCfg = Release|Any CPU
		{5B77F0A5-3583-83AE-9436-2BD72D86BBE3}.Release|Any CPU.Build.0 = Release|Any CPU
		{6B01D1E9-8D12-B669-2A02-49D0FC9C7349}.Debug|Any CPU.ActiveCfg = Debug|Any CPU
		{6B01D1E9-8D12-B669-2A02-49D0FC9C7349}.Debug|Any CPU.Build.0 = Debug|Any CPU
		{6B01D1E9-8D12-B669-2A02-49D0FC9C7349}.Release|Any CPU.ActiveCfg = Release|Any CPU
		{6B01D1E9-8D12-B669-2A02-49D0FC9C7349}.Release|Any CPU.Build.0 = Release|Any CPU
	EndGlobalSection
	GlobalSection(SolutionProperties) = preSolution
		HideSolutionNode = FALSE
	EndGlobalSection
EndGlobal
